// !$*UTF8*$!
{
	archiveVersion = 1;
	classes = {
	};
	objectVersion = 50;
	objects = {

/* Begin PBXBuildFile section */
		43BEF1CA2102CEAB002F55D1 /* Struct.swift in Sources */ = {isa = PBXBuildFile; fileRef = 43BEF1C92102CEAB002F55D1 /* Struct.swift */; };
		43BEF1CC2102D058002F55D1 /* DQNUI.swift in Sources */ = {isa = PBXBuildFile; fileRef = 43BEF1CB2102D058002F55D1 /* DQNUI.swift */; };
		43BEF1CE2102D540002F55D1 /* CameraViewController.swift in Sources */ = {isa = PBXBuildFile; fileRef = 43BEF1CD2102D540002F55D1 /* CameraViewController.swift */; };
		43BEF1D02102E7AF002F55D1 /* Alamofire.framework in Frameworks */ = {isa = PBXBuildFile; fileRef = 43BEF1CF2102E7AF002F55D1 /* Alamofire.framework */; };
		43BEF1D22102E7AF002F55D1 /* BubbleTransition.framework in Frameworks */ = {isa = PBXBuildFile; fileRef = 43BEF1D12102E7AF002F55D1 /* BubbleTransition.framework */; };
		43BEF1D42102EACA002F55D1 /* TapticEngine.framework in Frameworks */ = {isa = PBXBuildFile; fileRef = 43BEF1D32102EACA002F55D1 /* TapticEngine.framework */; };
		43BEF1D821031E8B002F55D1 /* AVFoundation.framework in Frameworks */ = {isa = PBXBuildFile; fileRef = 43BEF1D721031E8B002F55D1 /* AVFoundation.framework */; };
		43BEF1DA21032186002F55D1 /* failed.mp3 in Resources */ = {isa = PBXBuildFile; fileRef = 43BEF1D921032186002F55D1 /* failed.mp3 */; };
		43BEF1DC21032D88002F55D1 /* beamgun.mp3 in Resources */ = {isa = PBXBuildFile; fileRef = 43BEF1DB21032D88002F55D1 /* beamgun.mp3 */; };
		43BEF1DE21032DAC002F55D1 /* SendDQNViewController.swift in Sources */ = {isa = PBXBuildFile; fileRef = 43BEF1DD21032DAC002F55D1 /* SendDQNViewController.swift */; };
		43BEF1E021033A48002F55D1 /* OnboardingViewController.swift in Sources */ = {isa = PBXBuildFile; fileRef = 43BEF1DF21033A48002F55D1 /* OnboardingViewController.swift */; };
		43BEF1E221037E80002F55D1 /* GoogleService-Info.plist in Resources */ = {isa = PBXBuildFile; fileRef = 43BEF1E121037E80002F55D1 /* GoogleService-Info.plist */; };
		43BEF1E421037EBB002F55D1 /* FirebaseCore.framework in Frameworks */ = {isa = PBXBuildFile; fileRef = 43BEF1E321037EBB002F55D1 /* FirebaseCore.framework */; };
		43BEF1E621037EBB002F55D1 /* FirebaseFirestore.framework in Frameworks */ = {isa = PBXBuildFile; fileRef = 43BEF1E521037EBB002F55D1 /* FirebaseFirestore.framework */; };
		43BEF1E8210416A9002F55D1 /* DQNsViewController.swift in Sources */ = {isa = PBXBuildFile; fileRef = 43BEF1E7210416A9002F55D1 /* DQNsViewController.swift */; };
		43BEF1EB210416EF002F55D1 /* DQNTableViewCell.swift in Sources */ = {isa = PBXBuildFile; fileRef = 43BEF1E9210416EF002F55D1 /* DQNTableViewCell.swift */; };
		43BEF1EC210416EF002F55D1 /* DQNTableViewCell.xib in Resources */ = {isa = PBXBuildFile; fileRef = 43BEF1EA210416EF002F55D1 /* DQNTableViewCell.xib */; };
		43CC60782102C21B00D227E7 /* AppDelegate.swift in Sources */ = {isa = PBXBuildFile; fileRef = 43CC60772102C21B00D227E7 /* AppDelegate.swift */; };
		43CC607A2102C21B00D227E7 /* ViewController.swift in Sources */ = {isa = PBXBuildFile; fileRef = 43CC60792102C21B00D227E7 /* ViewController.swift */; };
		43CC607D2102C21B00D227E7 /* Main.storyboard in Resources */ = {isa = PBXBuildFile; fileRef = 43CC607B2102C21B00D227E7 /* Main.storyboard */; };
		43CC607F2102C21C00D227E7 /* Assets.xcassets in Resources */ = {isa = PBXBuildFile; fileRef = 43CC607E2102C21C00D227E7 /* Assets.xcassets */; };
		43CC60822102C21C00D227E7 /* LaunchScreen.storyboard in Resources */ = {isa = PBXBuildFile; fileRef = 43CC60802102C21C00D227E7 /* LaunchScreen.storyboard */; };
		5DA2F781359C53ABF7EB8216 /* Pods_DQNRejector.framework in Frameworks */ = {isa = PBXBuildFile; fileRef = 8B392ACEC975C244E71DAE57 /* Pods_DQNRejector.framework */; };
/* End PBXBuildFile section */

/* Begin PBXFileReference section */
		43BEF1C92102CEAB002F55D1 /* Struct.swift */ = {isa = PBXFileReference; lastKnownFileType = sourcecode.swift; path = Struct.swift; sourceTree = "<group>"; };
		43BEF1CB2102D058002F55D1 /* DQNUI.swift */ = {isa = PBXFileReference; lastKnownFileType = sourcecode.swift; path = DQNUI.swift; sourceTree = "<group>"; };
		43BEF1CD2102D540002F55D1 /* CameraViewController.swift */ = {isa = PBXFileReference; lastKnownFileType = sourcecode.swift; path = CameraViewController.swift; sourceTree = "<group>"; };
		43BEF1CF2102E7AF002F55D1 /* Alamofire.framework */ = {isa = PBXFileReference; explicitFileType = wrapper.framework; path = Alamofire.framework; sourceTree = BUILT_PRODUCTS_DIR; };
		43BEF1D12102E7AF002F55D1 /* BubbleTransition.framework */ = {isa = PBXFileReference; explicitFileType = wrapper.framework; path = BubbleTransition.framework; sourceTree = BUILT_PRODUCTS_DIR; };
		43BEF1D32102EACA002F55D1 /* TapticEngine.framework */ = {isa = PBXFileReference; explicitFileType = wrapper.framework; path = TapticEngine.framework; sourceTree = BUILT_PRODUCTS_DIR; };
		43BEF1D721031E8B002F55D1 /* AVFoundation.framework */ = {isa = PBXFileReference; lastKnownFileType = wrapper.framework; name = AVFoundation.framework; path = System/Library/Frameworks/AVFoundation.framework; sourceTree = SDKROOT; };
		43BEF1D921032186002F55D1 /* failed.mp3 */ = {isa = PBXFileReference; lastKnownFileType = audio.mp3; path = failed.mp3; sourceTree = "<group>"; };
		43BEF1DB21032D88002F55D1 /* beamgun.mp3 */ = {isa = PBXFileReference; lastKnownFileType = audio.mp3; path = beamgun.mp3; sourceTree = "<group>"; };
		43BEF1DD21032DAC002F55D1 /* SendDQNViewController.swift */ = {isa = PBXFileReference; lastKnownFileType = sourcecode.swift; path = SendDQNViewController.swift; sourceTree = "<group>"; };
		43BEF1DF21033A48002F55D1 /* OnboardingViewController.swift */ = {isa = PBXFileReference; lastKnownFileType = sourcecode.swift; path = OnboardingViewController.swift; sourceTree = "<group>"; };
		43BEF1E121037E80002F55D1 /* GoogleService-Info.plist */ = {isa = PBXFileReference; fileEncoding = 4; lastKnownFileType = text.plist.xml; path = "GoogleService-Info.plist"; sourceTree = "<group>"; };
		43BEF1E321037EBB002F55D1 /* FirebaseCore.framework */ = {isa = PBXFileReference; explicitFileType = wrapper.framework; path = FirebaseCore.framework; sourceTree = BUILT_PRODUCTS_DIR; };
		43BEF1E521037EBB002F55D1 /* FirebaseFirestore.framework */ = {isa = PBXFileReference; explicitFileType = wrapper.framework; path = FirebaseFirestore.framework; sourceTree = BUILT_PRODUCTS_DIR; };
		43BEF1E7210416A9002F55D1 /* DQNsViewController.swift */ = {isa = PBXFileReference; lastKnownFileType = sourcecode.swift; path = DQNsViewController.swift; sourceTree = "<group>"; };
		43BEF1E9210416EF002F55D1 /* DQNTableViewCell.swift */ = {isa = PBXFileReference; lastKnownFileType = sourcecode.swift; path = DQNTableViewCell.swift; sourceTree = "<group>"; };
		43BEF1EA210416EF002F55D1 /* DQNTableViewCell.xib */ = {isa = PBXFileReference; lastKnownFileType = file.xib; path = DQNTableViewCell.xib; sourceTree = "<group>"; };
		43C9926BF4187C045B368A57 /* Pods-DQNRejector.release.xcconfig */ = {isa = PBXFileReference; includeInIndex = 1; lastKnownFileType = text.xcconfig; name = "Pods-DQNRejector.release.xcconfig"; path = "Pods/Target Support Files/Pods-DQNRejector/Pods-DQNRejector.release.xcconfig"; sourceTree = "<group>"; };
		43CC60742102C21B00D227E7 /* DQNRejector.app */ = {isa = PBXFileReference; explicitFileType = wrapper.application; includeInIndex = 0; path = DQNRejector.app; sourceTree = BUILT_PRODUCTS_DIR; };
		43CC60772102C21B00D227E7 /* AppDelegate.swift */ = {isa = PBXFileReference; lastKnownFileType = sourcecode.swift; path = AppDelegate.swift; sourceTree = "<group>"; };
		43CC60792102C21B00D227E7 /* ViewController.swift */ = {isa = PBXFileReference; lastKnownFileType = sourcecode.swift; path = ViewController.swift; sourceTree = "<group>"; };
		43CC607C2102C21B00D227E7 /* Base */ = {isa = PBXFileReference; lastKnownFileType = file.storyboard; name = Base; path = Base.lproj/Main.storyboard; sourceTree = "<group>"; };
		43CC607E2102C21C00D227E7 /* Assets.xcassets */ = {isa = PBXFileReference; lastKnownFileType = folder.assetcatalog; path = Assets.xcassets; sourceTree = "<group>"; };
		43CC60812102C21C00D227E7 /* Base */ = {isa = PBXFileReference; lastKnownFileType = file.storyboard; name = Base; path = Base.lproj/LaunchScreen.storyboard; sourceTree = "<group>"; };
		43CC60832102C21C00D227E7 /* Info.plist */ = {isa = PBXFileReference; lastKnownFileType = text.plist.xml; path = Info.plist; sourceTree = "<group>"; };
		8B392ACEC975C244E71DAE57 /* Pods_DQNRejector.framework */ = {isa = PBXFileReference; explicitFileType = wrapper.framework; includeInIndex = 0; path = Pods_DQNRejector.framework; sourceTree = BUILT_PRODUCTS_DIR; };
		B7E8B0B1ADCCDE77EBB8DD5E /* Pods-DQNRejector.debug.xcconfig */ = {isa = PBXFileReference; includeInIndex = 1; lastKnownFileType = text.xcconfig; name = "Pods-DQNRejector.debug.xcconfig"; path = "Pods/Target Support Files/Pods-DQNRejector/Pods-DQNRejector.debug.xcconfig"; sourceTree = "<group>"; };
/* End PBXFileReference section */

/* Begin PBXFrameworksBuildPhase section */
		43CC60712102C21B00D227E7 /* Frameworks */ = {
			isa = PBXFrameworksBuildPhase;
			buildActionMask = 2147483647;
			files = (
				43BEF1E421037EBB002F55D1 /* FirebaseCore.framework in Frameworks */,
				43BEF1E621037EBB002F55D1 /* FirebaseFirestore.framework in Frameworks */,
				43BEF1D821031E8B002F55D1 /* AVFoundation.framework in Frameworks */,
				43BEF1D42102EACA002F55D1 /* TapticEngine.framework in Frameworks */,
				43BEF1D02102E7AF002F55D1 /* Alamofire.framework in Frameworks */,
				43BEF1D22102E7AF002F55D1 /* BubbleTransition.framework in Frameworks */,
				5DA2F781359C53ABF7EB8216 /* Pods_DQNRejector.framework in Frameworks */,
			);
			runOnlyForDeploymentPostprocessing = 0;
		};
/* End PBXFrameworksBuildPhase section */

/* Begin PBXGroup section */
		43CC606B2102C21B00D227E7 = {
			isa = PBXGroup;
			children = (
				43CC60762102C21B00D227E7 /* DQNRejector */,
				43CC60752102C21B00D227E7 /* Products */,
				4A055556780929E880A6246B /* Pods */,
				840BE579F0059519CDD881B5 /* Frameworks */,
			);
			sourceTree = "<group>";
		};
		43CC60752102C21B00D227E7 /* Products */ = {
			isa = PBXGroup;
			children = (
				43CC60742102C21B00D227E7 /* DQNRejector.app */,
			);
			name = Products;
			sourceTree = "<group>";
		};
		43CC60762102C21B00D227E7 /* DQNRejector */ = {
			isa = PBXGroup;
			children = (
				43CC60772102C21B00D227E7 /* AppDelegate.swift */,
				43CC60792102C21B00D227E7 /* ViewController.swift */,
				43CC607B2102C21B00D227E7 /* Main.storyboard */,
				43CC607E2102C21C00D227E7 /* Assets.xcassets */,
				43CC60802102C21C00D227E7 /* LaunchScreen.storyboard */,
				43CC60832102C21C00D227E7 /* Info.plist */,
				43BEF1C92102CEAB002F55D1 /* Struct.swift */,
				43BEF1CB2102D058002F55D1 /* DQNUI.swift */,
				43BEF1CD2102D540002F55D1 /* CameraViewController.swift */,
				43BEF1D921032186002F55D1 /* failed.mp3 */,
				43BEF1DB21032D88002F55D1 /* beamgun.mp3 */,
				43BEF1DD21032DAC002F55D1 /* SendDQNViewController.swift */,
				43BEF1DF21033A48002F55D1 /* OnboardingViewController.swift */,
				43BEF1E121037E80002F55D1 /* GoogleService-Info.plist */,
				43BEF1E7210416A9002F55D1 /* DQNsViewController.swift */,
				43BEF1E9210416EF002F55D1 /* DQNTableViewCell.swift */,
				43BEF1EA210416EF002F55D1 /* DQNTableViewCell.xib */,
			);
			path = DQNRejector;
			sourceTree = "<group>";
		};
		4A055556780929E880A6246B /* Pods */ = {
			isa = PBXGroup;
			children = (
				B7E8B0B1ADCCDE77EBB8DD5E /* Pods-DQNRejector.debug.xcconfig */,
				43C9926BF4187C045B368A57 /* Pods-DQNRejector.release.xcconfig */,
			);
			name = Pods;
			sourceTree = "<group>";
		};
		840BE579F0059519CDD881B5 /* Frameworks */ = {
			isa = PBXGroup;
			children = (
				43BEF1E321037EBB002F55D1 /* FirebaseCore.framework */,
				43BEF1E521037EBB002F55D1 /* FirebaseFirestore.framework */,
				43BEF1D721031E8B002F55D1 /* AVFoundation.framework */,
				43BEF1D32102EACA002F55D1 /* TapticEngine.framework */,
				43BEF1CF2102E7AF002F55D1 /* Alamofire.framework */,
				43BEF1D12102E7AF002F55D1 /* BubbleTransition.framework */,
				8B392ACEC975C244E71DAE57 /* Pods_DQNRejector.framework */,
			);
			name = Frameworks;
			sourceTree = "<group>";
		};
/* End PBXGroup section */

/* Begin PBXNativeTarget section */
		43CC60732102C21B00D227E7 /* DQNRejector */ = {
			isa = PBXNativeTarget;
			buildConfigurationList = 43CC60862102C21C00D227E7 /* Build configuration list for PBXNativeTarget "DQNRejector" */;
			buildPhases = (
				788D9BAF5E1A84F4AC417B13 /* [CP] Check Pods Manifest.lock */,
				43CC60702102C21B00D227E7 /* Sources */,
				43CC60712102C21B00D227E7 /* Frameworks */,
				43CC60722102C21B00D227E7 /* Resources */,
				FCB4684E3ACE247CCA6B83C5 /* [CP] Embed Pods Frameworks */,
			);
			buildRules = (
			);
			dependencies = (
			);
			name = DQNRejector;
			productName = DQNRejector;
			productReference = 43CC60742102C21B00D227E7 /* DQNRejector.app */;
			productType = "com.apple.product-type.application";
		};
/* End PBXNativeTarget section */

/* Begin PBXProject section */
		43CC606C2102C21B00D227E7 /* Project object */ = {
			isa = PBXProject;
			attributes = {
				LastSwiftUpdateCheck = 0940;
				LastUpgradeCheck = 0940;
				ORGANIZATIONNAME = "Imajin Kawabe";
				TargetAttributes = {
					43CC60732102C21B00D227E7 = {
						CreatedOnToolsVersion = 9.4.1;
					};
				};
			};
			buildConfigurationList = 43CC606F2102C21B00D227E7 /* Build configuration list for PBXProject "DQNRejector" */;
			compatibilityVersion = "Xcode 9.3";
			developmentRegion = en;
			hasScannedForEncodings = 0;
			knownRegions = (
				en,
				Base,
			);
			mainGroup = 43CC606B2102C21B00D227E7;
			productRefGroup = 43CC60752102C21B00D227E7 /* Products */;
			projectDirPath = "";
			projectRoot = "";
			targets = (
				43CC60732102C21B00D227E7 /* DQNRejector */,
			);
		};
/* End PBXProject section */

/* Begin PBXResourcesBuildPhase section */
		43CC60722102C21B00D227E7 /* Resources */ = {
			isa = PBXResourcesBuildPhase;
			buildActionMask = 2147483647;
			files = (
				43CC60822102C21C00D227E7 /* LaunchScreen.storyboard in Resources */,
				43CC607F2102C21C00D227E7 /* Assets.xcassets in Resources */,
				43BEF1EC210416EF002F55D1 /* DQNTableViewCell.xib in Resources */,
				43CC607D2102C21B00D227E7 /* Main.storyboard in Resources */,
				43BEF1E221037E80002F55D1 /* GoogleService-Info.plist in Resources */,
				43BEF1DA21032186002F55D1 /* failed.mp3 in Resources */,
				43BEF1DC21032D88002F55D1 /* beamgun.mp3 in Resources */,
			);
			runOnlyForDeploymentPostprocessing = 0;
		};
/* End PBXResourcesBuildPhase section */

/* Begin PBXShellScriptBuildPhase section */
		788D9BAF5E1A84F4AC417B13 /* [CP] Check Pods Manifest.lock */ = {
			isa = PBXShellScriptBuildPhase;
			buildActionMask = 2147483647;
			files = (
			);
			inputPaths = (
				"${PODS_PODFILE_DIR_PATH}/Podfile.lock",
				"${PODS_ROOT}/Manifest.lock",
			);
			name = "[CP] Check Pods Manifest.lock";
			outputPaths = (
				"$(DERIVED_FILE_DIR)/Pods-DQNRejector-checkManifestLockResult.txt",
			);
			runOnlyForDeploymentPostprocessing = 0;
			shellPath = /bin/sh;
			shellScript = "diff \"${PODS_PODFILE_DIR_PATH}/Podfile.lock\" \"${PODS_ROOT}/Manifest.lock\" > /dev/null\nif [ $? != 0 ] ; then\n    # print error to STDERR\n    echo \"error: The sandbox is not in sync with the Podfile.lock. Run 'pod install' or update your CocoaPods installation.\" >&2\n    exit 1\nfi\n# This output is used by Xcode 'outputs' to avoid re-running this script phase.\necho \"SUCCESS\" > \"${SCRIPT_OUTPUT_FILE_0}\"\n";
			showEnvVarsInLog = 0;
		};
		FCB4684E3ACE247CCA6B83C5 /* [CP] Embed Pods Frameworks */ = {
			isa = PBXShellScriptBuildPhase;
			buildActionMask = 2147483647;
			files = (
			);
			inputPaths = (
				"${SRCROOT}/Pods/Target Support Files/Pods-DQNRejector/Pods-DQNRejector-frameworks.sh",
				"${BUILT_PRODUCTS_DIR}/Alamofire/Alamofire.framework",
				"${BUILT_PRODUCTS_DIR}/BoringSSL/openssl.framework",
				"${BUILT_PRODUCTS_DIR}/BubbleTransition/BubbleTransition.framework",
				"${BUILT_PRODUCTS_DIR}/GoogleToolboxForMac/GoogleToolboxForMac.framework",
				"${BUILT_PRODUCTS_DIR}/Protobuf/Protobuf.framework",
				"${BUILT_PRODUCTS_DIR}/TapticEngine/TapticEngine.framework",
				"${BUILT_PRODUCTS_DIR}/gRPC/GRPCClient.framework",
				"${BUILT_PRODUCTS_DIR}/gRPC-Core/grpc.framework",
				"${BUILT_PRODUCTS_DIR}/gRPC-ProtoRPC/ProtoRPC.framework",
				"${BUILT_PRODUCTS_DIR}/gRPC-RxLibrary/RxLibrary.framework",
				"${BUILT_PRODUCTS_DIR}/leveldb-library/leveldb.framework",
				"${BUILT_PRODUCTS_DIR}/nanopb/nanopb.framework",
			);
			name = "[CP] Embed Pods Frameworks";
			outputPaths = (
				"${TARGET_BUILD_DIR}/${FRAMEWORKS_FOLDER_PATH}/Alamofire.framework",
				"${TARGET_BUILD_DIR}/${FRAMEWORKS_FOLDER_PATH}/openssl.framework",
				"${TARGET_BUILD_DIR}/${FRAMEWORKS_FOLDER_PATH}/BubbleTransition.framework",
				"${TARGET_BUILD_DIR}/${FRAMEWORKS_FOLDER_PATH}/GoogleToolboxForMac.framework",
				"${TARGET_BUILD_DIR}/${FRAMEWORKS_FOLDER_PATH}/Protobuf.framework",
				"${TARGET_BUILD_DIR}/${FRAMEWORKS_FOLDER_PATH}/TapticEngine.framework",
				"${TARGET_BUILD_DIR}/${FRAMEWORKS_FOLDER_PATH}/GRPCClient.framework",
				"${TARGET_BUILD_DIR}/${FRAMEWORKS_FOLDER_PATH}/grpc.framework",
				"${TARGET_BUILD_DIR}/${FRAMEWORKS_FOLDER_PATH}/ProtoRPC.framework",
				"${TARGET_BUILD_DIR}/${FRAMEWORKS_FOLDER_PATH}/RxLibrary.framework",
				"${TARGET_BUILD_DIR}/${FRAMEWORKS_FOLDER_PATH}/leveldb.framework",
				"${TARGET_BUILD_DIR}/${FRAMEWORKS_FOLDER_PATH}/nanopb.framework",
			);
			runOnlyForDeploymentPostprocessing = 0;
			shellPath = /bin/sh;
			shellScript = "\"${SRCROOT}/Pods/Target Support Files/Pods-DQNRejector/Pods-DQNRejector-frameworks.sh\"\n";
			showEnvVarsInLog = 0;
		};
/* End PBXShellScriptBuildPhase section */

/* Begin PBXSourcesBuildPhase section */
		43CC60702102C21B00D227E7 /* Sources */ = {
			isa = PBXSourcesBuildPhase;
			buildActionMask = 2147483647;
			files = (
				43BEF1E8210416A9002F55D1 /* DQNsViewController.swift in Sources */,
				43BEF1CA2102CEAB002F55D1 /* Struct.swift in Sources */,
				43BEF1CE2102D540002F55D1 /* CameraViewController.swift in Sources */,
				43BEF1DE21032DAC002F55D1 /* SendDQNViewController.swift in Sources */,
				43CC607A2102C21B00D227E7 /* ViewController.swift in Sources */,
				43BEF1EB210416EF002F55D1 /* DQNTableViewCell.swift in Sources */,
				43BEF1E021033A48002F55D1 /* OnboardingViewController.swift in Sources */,
				43CC60782102C21B00D227E7 /* AppDelegate.swift in Sources */,
				43BEF1CC2102D058002F55D1 /* DQNUI.swift in Sources */,
			);
			runOnlyForDeploymentPostprocessing = 0;
		};
/* End PBXSourcesBuildPhase section */

/* Begin PBXVariantGroup section */
		43CC607B2102C21B00D227E7 /* Main.storyboard */ = {
			isa = PBXVariantGroup;
			children = (
				43CC607C2102C21B00D227E7 /* Base */,
			);
			name = Main.storyboard;
			sourceTree = "<group>";
		};
		43CC60802102C21C00D227E7 /* LaunchScreen.storyboard */ = {
			isa = PBXVariantGroup;
			children = (
				43CC60812102C21C00D227E7 /* Base */,
			);
			name = LaunchScreen.storyboard;
			sourceTree = "<group>";
		};
/* End PBXVariantGroup section */

/* Begin XCBuildConfiguration section */
		43CC60842102C21C00D227E7 /* Debug */ = {
			isa = XCBuildConfiguration;
			buildSettings = {
				ALWAYS_SEARCH_USER_PATHS = NO;
				CLANG_ANALYZER_NONNULL = YES;
				CLANG_ANALYZER_NUMBER_OBJECT_CONVERSION = YES_AGGRESSIVE;
				CLANG_CXX_LANGUAGE_STANDARD = "gnu++14";
				CLANG_CXX_LIBRARY = "libc++";
				CLANG_ENABLE_MODULES = YES;
				CLANG_ENABLE_OBJC_ARC = YES;
				CLANG_ENABLE_OBJC_WEAK = YES;
				CLANG_WARN_BLOCK_CAPTURE_AUTORELEASING = YES;
				CLANG_WARN_BOOL_CONVERSION = YES;
				CLANG_WARN_COMMA = YES;
				CLANG_WARN_CONSTANT_CONVERSION = YES;
				CLANG_WARN_DEPRECATED_OBJC_IMPLEMENTATIONS = YES;
				CLANG_WARN_DIRECT_OBJC_ISA_USAGE = YES_ERROR;
				CLANG_WARN_DOCUMENTATION_COMMENTS = YES;
				CLANG_WARN_EMPTY_BODY = YES;
				CLANG_WARN_ENUM_CONVERSION = YES;
				CLANG_WARN_INFINITE_RECURSION = YES;
				CLANG_WARN_INT_CONVERSION = YES;
				CLANG_WARN_NON_LITERAL_NULL_CONVERSION = YES;
				CLANG_WARN_OBJC_IMPLICIT_RETAIN_SELF = YES;
				CLANG_WARN_OBJC_LITERAL_CONVERSION = YES;
				CLANG_WARN_OBJC_ROOT_CLASS = YES_ERROR;
				CLANG_WARN_RANGE_LOOP_ANALYSIS = YES;
				CLANG_WARN_STRICT_PROTOTYPES = YES;
				CLANG_WARN_SUSPICIOUS_MOVE = YES;
				CLANG_WARN_UNGUARDED_AVAILABILITY = YES_AGGRESSIVE;
				CLANG_WARN_UNREACHABLE_CODE = YES;
				CLANG_WARN__DUPLICATE_METHOD_MATCH = YES;
				CODE_SIGN_IDENTITY = "iPhone Developer";
				COPY_PHASE_STRIP = NO;
				DEBUG_INFORMATION_FORMAT = dwarf;
				ENABLE_STRICT_OBJC_MSGSEND = YES;
				ENABLE_TESTABILITY = YES;
				GCC_C_LANGUAGE_STANDARD = gnu11;
				GCC_DYNAMIC_NO_PIC = NO;
				GCC_NO_COMMON_BLOCKS = YES;
				GCC_OPTIMIZATION_LEVEL = 0;
				GCC_PREPROCESSOR_DEFINITIONS = (
					"DEBUG=1",
					"$(inherited)",
				);
				GCC_WARN_64_TO_32_BIT_CONVERSION = YES;
				GCC_WARN_ABOUT_RETURN_TYPE = YES_ERROR;
				GCC_WARN_UNDECLARED_SELECTOR = YES;
				GCC_WARN_UNINITIALIZED_AUTOS = YES_AGGRESSIVE;
				GCC_WARN_UNUSED_FUNCTION = YES;
				GCC_WARN_UNUSED_VARIABLE = YES;
				IPHONEOS_DEPLOYMENT_TARGET = 11.4;
				MTL_ENABLE_DEBUG_INFO = YES;
				ONLY_ACTIVE_ARCH = YES;
				SDKROOT = iphoneos;
				SWIFT_ACTIVE_COMPILATION_CONDITIONS = DEBUG;
				SWIFT_OPTIMIZATION_LEVEL = "-Onone";
			};
			name = Debug;
		};
		43CC60852102C21C00D227E7 /* Release */ = {
			isa = XCBuildConfiguration;
			buildSettings = {
				ALWAYS_SEARCH_USER_PATHS = NO;
				CLANG_ANALYZER_NONNULL = YES;
				CLANG_ANALYZER_NUMBER_OBJECT_CONVERSION = YES_AGGRESSIVE;
				CLANG_CXX_LANGUAGE_STANDARD = "gnu++14";
				CLANG_CXX_LIBRARY = "libc++";
				CLANG_ENABLE_MODULES = YES;
				CLANG_ENABLE_OBJC_ARC = YES;
				CLANG_ENABLE_OBJC_WEAK = YES;
				CLANG_WARN_BLOCK_CAPTURE_AUTORELEASING = YES;
				CLANG_WARN_BOOL_CONVERSION = YES;
				CLANG_WARN_COMMA = YES;
				CLANG_WARN_CONSTANT_CONVERSION = YES;
				CLANG_WARN_DEPRECATED_OBJC_IMPLEMENTATIONS = YES;
				CLANG_WARN_DIRECT_OBJC_ISA_USAGE = YES_ERROR;
				CLANG_WARN_DOCUMENTATION_COMMENTS = YES;
				CLANG_WARN_EMPTY_BODY = YES;
				CLANG_WARN_ENUM_CONVERSION = YES;
				CLANG_WARN_INFINITE_RECURSION = YES;
				CLANG_WARN_INT_CONVERSION = YES;
				CLANG_WARN_NON_LITERAL_NULL_CONVERSION = YES;
				CLANG_WARN_OBJC_IMPLICIT_RETAIN_SELF = YES;
				CLANG_WARN_OBJC_LITERAL_CONVERSION = YES;
				CLANG_WARN_OBJC_ROOT_CLASS = YES_ERROR;
				CLANG_WARN_RANGE_LOOP_ANALYSIS = YES;
				CLANG_WARN_STRICT_PROTOTYPES = YES;
				CLANG_WARN_SUSPICIOUS_MOVE = YES;
				CLANG_WARN_UNGUARDED_AVAILABILITY = YES_AGGRESSIVE;
				CLANG_WARN_UNREACHABLE_CODE = YES;
				CLANG_WARN__DUPLICATE_METHOD_MATCH = YES;
				CODE_SIGN_IDENTITY = "iPhone Developer";
				COPY_PHASE_STRIP = NO;
				DEBUG_INFORMATION_FORMAT = "dwarf-with-dsym";
				ENABLE_NS_ASSERTIONS = NO;
				ENABLE_STRICT_OBJC_MSGSEND = YES;
				GCC_C_LANGUAGE_STANDARD = gnu11;
				GCC_NO_COMMON_BLOCKS = YES;
				GCC_WARN_64_TO_32_BIT_CONVERSION = YES;
				GCC_WARN_ABOUT_RETURN_TYPE = YES_ERROR;
				GCC_WARN_UNDECLARED_SELECTOR = YES;
				GCC_WARN_UNINITIALIZED_AUTOS = YES_AGGRESSIVE;
				GCC_WARN_UNUSED_FUNCTION = YES;
				GCC_WARN_UNUSED_VARIABLE = YES;
				IPHONEOS_DEPLOYMENT_TARGET = 11.4;
				MTL_ENABLE_DEBUG_INFO = NO;
				SDKROOT = iphoneos;
				SWIFT_COMPILATION_MODE = wholemodule;
				SWIFT_OPTIMIZATION_LEVEL = "-O";
				VALIDATE_PRODUCT = YES;
			};
			name = Release;
		};
		43CC60872102C21C00D227E7 /* Debug */ = {
			isa = XCBuildConfiguration;
			baseConfigurationReference = B7E8B0B1ADCCDE77EBB8DD5E /* Pods-DQNRejector.debug.xcconfig */;
			buildSettings = {
				ASSETCATALOG_COMPILER_APPICON_NAME = AppIcon;
				CODE_SIGN_STYLE = Automatic;
				DEVELOPMENT_TEAM = 6Z8242LF74;
				INFOPLIST_FILE = DQNRejector/Info.plist;
				IPHONEOS_DEPLOYMENT_TARGET = 11.0;
				LD_RUNPATH_SEARCH_PATHS = (
					"$(inherited)",
					"@executable_path/Frameworks",
				);
				PRODUCT_BUNDLE_IDENTIFIER = tokyo.imagine.DQNRejector;
				PRODUCT_NAME = "$(TARGET_NAME)";
				SWIFT_VERSION = 4.0;
				TARGETED_DEVICE_FAMILY = "1,2";
			};
			name = Debug;
		};
		43CC60882102C21C00D227E7 /* Release */ = {
			isa = XCBuildConfiguration;
			baseConfigurationReference = 43C9926BF4187C045B368A57 /* Pods-DQNRejector.release.xcconfig */;
			buildSettings = {
				ASSETCATALOG_COMPILER_APPICON_NAME = AppIcon;
				CODE_SIGN_STYLE = Automatic;
				DEVELOPMENT_TEAM = 6Z8242LF74;
				INFOPLIST_FILE = DQNRejector/Info.plist;
				IPHONEOS_DEPLOYMENT_TARGET = 11.0;
				LD_RUNPATH_SEARCH_PATHS = (
					"$(inherited)",
					"@executable_path/Frameworks",
				);
				PRODUCT_BUNDLE_IDENTIFIER = tokyo.imagine.DQNRejector;
				PRODUCT_NAME = "$(TARGET_NAME)";
				SWIFT_VERSION = 4.0;
				TARGETED_DEVICE_FAMILY = "1,2";
			};
			name = Release;
		};
/* End XCBuildConfiguration section */

/* Begin XCConfigurationList section */
		43CC606F2102C21B00D227E7 /* Build configuration list for PBXProject "DQNRejector" */ = {
			isa = XCConfigurationList;
			buildConfigurations = (
				43CC60842102C21C00D227E7 /* Debug */,
				43CC60852102C21C00D227E7 /* Release */,
			);
			defaultConfigurationIsVisible = 0;
			defaultConfigurationName = Release;
		};
		43CC60862102C21C00D227E7 /* Build configuration list for PBXNativeTarget "DQNRejector" */ = {
			isa = XCConfigurationList;
			buildConfigurations = (
				43CC60872102C21C00D227E7 /* Debug */,
				43CC60882102C21C00D227E7 /* Release */,
			);
			defaultConfigurationIsVisible = 0;
			defaultConfigurationName = Release;
		};
/* End XCConfigurationList section */
	};
	rootObject = 43CC606C2102C21B00D227E7 /* Project object */;
}
